
Microsoft Visual Studio Solution File, Format Version 12.00
# Visual Studio Version 17
VisualStudioVersion = 17.0.31912.275
MinimumVisualStudioVersion = 10.0.40219.1
Project("{FAE04EC0-301F-11D3-BF4B-00C04F79EFBC}") = "FunctionsReturnsAndArraysFromFile", "FunctionsReturnsAndArraysFromFile\FunctionsReturnsAndArraysFromFile.csproj", "{13B73670-CD46-4E68-B9A7-6FEBD3D9FB3C}"
EndProject
Project("{FAE04EC0-301F-11D3-BF4B-00C04F79EFBC}") = "FridayNightRandom", "FridayNightRandom\FridayNightRandom.csproj", "{5C696208-197E-419E-9E20-4D2B0AB60E9B}"
EndProject
Project("{FAE04EC0-301F-11D3-BF4B-00C04F79EFBC}") = "FridayNightRandomReturn", "FridayNightRandomReturn\FridayNightRandomReturn.csproj", "{B5DE7358-6F0B-4D41-B77D-D5E1DF200CD8}"
EndProject
Project("{FAE04EC0-301F-11D3-BF4B-00C04F79EFBC}") = "PicRandomFromFile", "PicRandomFromFile\PicRandomFromFile.csproj", "{9592D12D-7E2A-46B9-B1F7-0F0EB5B8A9A2}"
EndProject
Project("{FAE04EC0-301F-11D3-BF4B-00C04F79EFBC}") = "JackNorris", "JackNorris\JackNorris.csproj", "{03BF9CD1-7299-4C36-AFC2-714106A487A7}"
EndProject
Global
	GlobalSection(SolutionConfigurationPlatforms) = preSolution
		Debug|Any CPU = Debug|Any CPU
		Release|Any CPU = Release|Any CPU
	EndGlobalSection
	GlobalSection(ProjectConfigurationPlatforms) = postSolution
		{13B73670-CD46-4E68-B9A7-6FEBD3D9FB3C}.Debug|Any CPU.ActiveCfg = Debug|Any CPU
		{13B73670-CD46-4E68-B9A7-6FEBD3D9FB3C}.Debug|Any CPU.Build.0 = Debug|Any CPU
		{13B73670-CD46-4E68-B9A7-6FEBD3D9FB3C}.Release|Any CPU.ActiveCfg = Release|Any CPU
		{13B73670-CD46-4E68-B9A7-6FEBD3D9FB3C}.Release|Any CPU.Build.0 = Release|Any CPU
		{5C696208-197E-419E-9E20-4D2B0AB60E9B}.Debug|Any CPU.ActiveCfg = Debug|Any CPU
		{5C696208-197E-419E-9E20-4D2B0AB60E9B}.Debug|Any CPU.Build.0 = Debug|Any CPU
		{5C696208-197E-419E-9E20-4D2B0AB60E9B}.Release|Any CPU.ActiveCfg = Release|Any CPU
		{5C696208-197E-419E-9E20-4D2B0AB60E9B}.Release|Any CPU.Build.0 = Release|Any CPU
		{B5DE7358-6F0B-4D41-B77D-D5E1DF200CD8}.Debug|Any CPU.ActiveCfg = Debug|Any CPU
		{B5DE7358-6F0B-4D41-B77D-D5E1DF200CD8}.Debug|Any CPU.Build.0 = Debug|Any CPU
		{B5DE7358-6F0B-4D41-B77D-D5E1DF200CD8}.Release|Any CPU.ActiveCfg = Release|Any CPU
		{B5DE7358-6F0B-4D41-B77D-D5E1DF200CD8}.Release|Any CPU.Build.0 = Release|Any CPU
		{9592D12D-7E2A-46B9-B1F7-0F0EB5B8A9A2}.Debug|Any CPU.ActiveCfg = Debug|Any CPU
		{9592D12D-7E2A-46B9-B1F7-0F0EB5B8A9A2}.Debug|Any CPU.Build.0 = Debug|Any CPU
		{9592D12D-7E2A-46B9-B1F7-0F0EB5B8A9A2}.Release|Any CPU.ActiveCfg = Release|Any CPU
		{9592D12D-7E2A-46B9-B1F7-0F0EB5B8A9A2}.Release|Any CPU.Build.0 = Release|Any CPU
		{03BF9CD1-7299-4C36-AFC2-714106A487A7}.Debug|Any CPU.ActiveCfg = Debug|Any CPU
		{03BF9CD1-7299-4C36-AFC2-714106A487A7}.Debug|Any CPU.Build.0 = Debug|Any CPU
		{03BF9CD1-7299-4C36-AFC2-714106A487A7}.Release|Any CPU.ActiveCfg = Release|Any CPU
		{03BF9CD1-7299-4C36-AFC2-714106A487A7}.Release|Any CPU.Build.0 = Release|Any CPU
	EndGlobalSection
	GlobalSection(SolutionProperties) = preSolution
		HideSolutionNode = FALSE
	EndGlobalSection
	GlobalSection(ExtensibilityGlobals) = postSolution
		SolutionGuid = {F192AE37-2421-4798-9932-66E66A5EE0B4}
	EndGlobalSection
EndGlobal
